{
  "name": "steam-to-discord-rpc",
  "version": "1.0.0",
  "lockfileVersion": 1,
  "requires": true,
  "dependencies": {
    "@doctormckay/stats-reporter": {
      "version": "1.0.4",
      "resolved": "https://registry.npmjs.org/@doctormckay/stats-reporter/-/stats-reporter-1.0.4.tgz",
      "integrity": "sha512-J8YqHQGZ3OdrT4xzWOzvA/p3vnXNnSOsAybPa5+02YE5U46JbZexfzU8nJV+2iN7GWhGvLAQNgdvFHl5WKB4iw=="
    },
    "adm-zip": {
      "version": "0.4.7",
      "resolved": "https://registry.npmjs.org/adm-zip/-/adm-zip-0.4.7.tgz",
      "integrity": "sha1-hgbCy/HEJs6MjsABdER/1Jtur8E="
    },
    "ansi-escapes": {
      "version": "3.1.0",
      "resolved": "https://registry.npmjs.org/ansi-escapes/-/ansi-escapes-3.1.0.tgz",
      "integrity": "sha512-UgAb8H9D41AQnu/PbWlCofQVcnV4Gs2bBJi9eZPxfU/hgglFh3SMDMENRIqdr7H6XFnXdoknctFByVsCOotTVw=="
    },
    "ansi-regex": {
      "version": "3.0.0",
      "resolved": "https://registry.npmjs.org/ansi-regex/-/ansi-regex-3.0.0.tgz",
      "integrity": "sha1-7QMXwyIGT3lGbAKWa922Bas32Zg="
    },
    "async-limiter": {
      "version": "1.0.0",
      "resolved": "https://registry.npmjs.org/async-limiter/-/async-limiter-1.0.0.tgz",
      "integrity": "sha512-jp/uFnooOiO+L211eZOoSyzpOITMXx1rBITauYykG3BRYPu8h0UcxsPNB04RR5vo4Tyz3+ay17tR6JVf9qzYWg=="
    },
    "buffer-crc32": {
      "version": "0.2.13",
      "resolved": "https://registry.npmjs.org/buffer-crc32/-/buffer-crc32-0.2.13.tgz",
      "integrity": "sha1-DTM+PwDqxQqhRUq9MO+MKl2ackI="
    },
    "bytebuffer": {
      "version": "5.0.1",
      "resolved": "https://registry.npmjs.org/bytebuffer/-/bytebuffer-5.0.1.tgz",
      "integrity": "sha1-WC7qSxqHO20CCkjVjfhfC7ps/d0=",
      "requires": {
        "long": "3.2.0"
      }
    },
    "cli-cursor": {
      "version": "2.1.0",
      "resolved": "https://registry.npmjs.org/cli-cursor/-/cli-cursor-2.1.0.tgz",
      "integrity": "sha1-s12sN2R5+sw+lHR9QdDQ9SOP/LU=",
      "requires": {
        "restore-cursor": "2.0.0"
      }
    },
    "colour": {
      "version": "0.7.1",
      "resolved": "https://registry.npmjs.org/colour/-/colour-0.7.1.tgz",
      "integrity": "sha1-nLFpkX7F0SwHNtPoaFdG3xyt93g="
    },
    "discord-rpc": {
      "version": "3.0.0-beta.10",
      "resolved": "https://registry.npmjs.org/discord-rpc/-/discord-rpc-3.0.0-beta.10.tgz",
      "integrity": "sha512-b0G6O0WJkxoLQSopyNRqByXCrpBL68HXPMULVZXLjRgj+sStwOmbABM+HwBDJWF6s/uhkB/+cAgq+19x4w0SPA==",
      "requires": {
        "discord.js": "github:discordjs/discord.js#f2474845ba804c19313669e5f9405a7298352f7d",
        "snekfetch": "3.6.4"
      }
    },
    "discord.js": {
      "version": "github:discordjs/discord.js#f2474845ba804c19313669e5f9405a7298352f7d",
      "requires": {
        "pako": "1.0.6",
        "prism-media": "0.2.1",
        "snekfetch": "3.6.4",
        "tweetnacl": "1.0.0",
        "ws": "4.1.0"
      }
    },
    "inherits": {
      "version": "2.0.1",
      "resolved": "https://registry.npmjs.org/inherits/-/inherits-2.0.1.tgz",
      "integrity": "sha1-sX0I0ya0Qj5Wjv9xn5GwscvfafE="
    },
    "is-fullwidth-code-point": {
      "version": "2.0.0",
      "resolved": "https://registry.npmjs.org/is-fullwidth-code-point/-/is-fullwidth-code-point-2.0.0.tgz",
      "integrity": "sha1-o7MKXE8ZkYMWeqq5O+764937ZU8="
    },
    "log-update": {
      "version": "2.3.0",
      "resolved": "https://registry.npmjs.org/log-update/-/log-update-2.3.0.tgz",
      "integrity": "sha1-iDKP19HOeTiykoN0bwsbwSayRwg=",
      "requires": {
        "ansi-escapes": "3.1.0",
        "cli-cursor": "2.1.0",
        "wrap-ansi": "3.0.1"
      }
    },
    "long": {
      "version": "3.2.0",
      "resolved": "https://registry.npmjs.org/long/-/long-3.2.0.tgz",
      "integrity": "sha1-2CG3E4yhy1gcFymQ7xTbIAtcR0s="
    },
    "mimic-fn": {
      "version": "1.2.0",
      "resolved": "https://registry.npmjs.org/mimic-fn/-/mimic-fn-1.2.0.tgz",
      "integrity": "sha512-jf84uxzwiuiIVKiOLpfYk7N46TSy8ubTonmneY9vrpHNAnp0QBt2BxWV9dO3/j+BoVAb+a5G6YDPW3M5HOdMWQ=="
    },
    "onetime": {
      "version": "2.0.1",
      "resolved": "https://registry.npmjs.org/onetime/-/onetime-2.0.1.tgz",
      "integrity": "sha1-BnQoIw/WdEOyeUsiu6UotoZ5YtQ=",
      "requires": {
        "mimic-fn": "1.2.0"
      }
    },
    "optjs": {
      "version": "3.2.2",
      "resolved": "https://registry.npmjs.org/optjs/-/optjs-3.2.2.tgz",
      "integrity": "sha1-aabOicRCpEQDFBrS+bNwvVu29O4="
    },
    "pako": {
      "version": "1.0.6",
      "resolved": "https://registry.npmjs.org/pako/-/pako-1.0.6.tgz",
      "integrity": "sha512-lQe48YPsMJAig+yngZ87Lus+NF+3mtu7DVOBu6b/gHO1YpKwIj5AWjZ/TOS7i46HD/UixzWb1zeWDZfGZ3iYcg=="
    },
    "prism-media": {
      "version": "0.2.1",
      "resolved": "https://registry.npmjs.org/prism-media/-/prism-media-0.2.1.tgz",
      "integrity": "sha512-Kfp1+6gzjY6X8mqKHa6D3brX+BtMUPFwzAkz4zgtVPgbkA2XxhITROdfQXVurU4fuJsylFRwqo7ciQlQCm9hAw=="
    },
    "restore-cursor": {
      "version": "2.0.0",
      "resolved": "https://registry.npmjs.org/restore-cursor/-/restore-cursor-2.0.0.tgz",
      "integrity": "sha1-n37ih/gv0ybU/RYpI9YhKe7g368=",
      "requires": {
        "onetime": "2.0.1",
        "signal-exit": "3.0.2"
      }
    },
    "safe-buffer": {
      "version": "5.1.1",
      "resolved": "https://registry.npmjs.org/safe-buffer/-/safe-buffer-5.1.1.tgz",
      "integrity": "sha512-kKvNJn6Mm93gAczWVJg7wH+wGYWNrDHdWvpUmHyEsgCtIwwo3bqPtV4tR5tuPaUhTOo/kvhVwd8XwwOllGYkbg=="
    },
    "signal-exit": {
      "version": "3.0.2",
      "resolved": "https://registry.npmjs.org/signal-exit/-/signal-exit-3.0.2.tgz",
      "integrity": "sha1-tf3AjxKH6hF4Yo5BXiUTK3NkbG0="
    },
    "snekfetch": {
      "version": "3.6.4",
      "resolved": "https://registry.npmjs.org/snekfetch/-/snekfetch-3.6.4.tgz",
      "integrity": "sha512-NjxjITIj04Ffqid5lqr7XdgwM7X61c/Dns073Ly170bPQHLm6jkmelye/eglS++1nfTWktpP6Y2bFXjdPlQqdw=="
    },
    "steam": {
      "version": "1.4.0",
      "resolved": "https://registry.npmjs.org/steam/-/steam-1.4.0.tgz",
      "integrity": "sha1-vAPCvzZd298E2yd1NBPS3bg1sbE=",
      "requires": {
        "adm-zip": "0.4.7",
        "buffer-crc32": "0.2.13",
        "bytebuffer": "5.0.1",
        "steam-crypto": "0.0.1",
        "steam-resources": "1.0.0"
      },
      "dependencies": {
        "steam-resources": {
          "version": "1.0.0",
          "bundled": true,
          "requires": {
            "bytebuffer": "5.0.0",
            "protobufjs": "4.1.2"
          },
          "dependencies": {
            "bytebuffer": {
              "version": "5.0.0",
              "bundled": true,
              "requires": {
                "long": "3.0.1"
              },
              "dependencies": {
                "long": {
                  "version": "3.0.1",
                  "bundled": true
                }
              }
            },
            "protobufjs": {
              "version": "4.1.2",
              "bundled": true,
              "requires": {
                "ascli": "1.0.0",
                "bytebuffer": "4.1.0",
                "glob": "5.0.15",
                "yargs": "3.29.0"
              },
              "dependencies": {
                "ascli": {
                  "version": "1.0.0",
                  "bundled": true,
                  "requires": {
                    "colour": "0.7.1",
                    "optjs": "3.2.2"
                  }
                },
                "bytebuffer": {
                  "version": "4.1.0",
                  "bundled": true,
                  "requires": {
                    "bufferview": "1.0.1",
                    "long": "2.4.0"
                  },
                  "dependencies": {
                    "bufferview": {
                      "version": "1.0.1",
                      "bundled": true
                    },
                    "long": {
                      "version": "2.4.0",
                      "bundled": true
                    }
                  }
                },
                "glob": {
                  "version": "5.0.15",
                  "bundled": true,
                  "requires": {
                    "inflight": "1.0.4",
                    "inherits": "2.0.1",
                    "minimatch": "3.0.0",
                    "once": "1.3.2",
                    "path-is-absolute": "1.0.0"
                  },
                  "dependencies": {
                    "inflight": {
                      "version": "1.0.4",
                      "bundled": true,
                      "requires": {
                        "once": "1.3.2",
                        "wrappy": "1.0.1"
                      },
                      "dependencies": {
                        "wrappy": {
                          "version": "1.0.1",
                          "bundled": true
                        }
                      }
                    },
                    "minimatch": {
                      "version": "3.0.0",
                      "bundled": true,
                      "requires": {
                        "brace-expansion": "1.1.1"
                      },
                      "dependencies": {
                        "brace-expansion": {
                          "version": "1.1.1",
                          "bundled": true,
                          "requires": {
                            "balanced-match": "0.2.1",
                            "concat-map": "0.0.1"
                          },
                          "dependencies": {
                            "balanced-match": {
                              "version": "0.2.1",
                              "bundled": true
                            },
                            "concat-map": {
                              "version": "0.0.1",
                              "bundled": true
                            }
                          }
                        }
                      }
                    },
                    "once": {
                      "version": "1.3.2",
                      "bundled": true,
                      "requires": {
                        "wrappy": "1.0.1"
                      },
                      "dependencies": {
                        "wrappy": {
                          "version": "1.0.1",
                          "bundled": true
                        }
                      }
                    },
                    "path-is-absolute": {
                      "version": "1.0.0",
                      "bundled": true
                    }
                  }
                },
                "yargs": {
                  "version": "3.29.0",
                  "bundled": true,
                  "requires": {
                    "camelcase": "1.2.1",
                    "cliui": "3.0.3",
                    "decamelize": "1.1.1",
                    "os-locale": "1.4.0",
                    "window-size": "0.1.2",
                    "y18n": "3.2.0"
                  },
                  "dependencies": {
                    "camelcase": {
                      "version": "1.2.1",
                      "bundled": true
                    },
                    "cliui": {
                      "version": "3.0.3",
                      "bundled": true,
                      "requires": {
                        "string-width": "1.0.1",
                        "strip-ansi": "3.0.0",
                        "wrap-ansi": "1.0.0"
                      },
                      "dependencies": {
                        "string-width": {
                          "version": "1.0.1",
                          "bundled": true,
                          "requires": {
                            "code-point-at": "1.0.0",
                            "is-fullwidth-code-point": "1.0.0",
                            "strip-ansi": "3.0.0"
                          },
                          "dependencies": {
                            "code-point-at": {
                              "version": "1.0.0",
                              "bundled": true,
                              "requires": {
                                "number-is-nan": "1.0.0"
                              },
                              "dependencies": {
                                "number-is-nan": {
                                  "version": "1.0.0",
                                  "bundled": true
                                }
                              }
                            },
                            "is-fullwidth-code-point": {
                              "version": "1.0.0",
                              "bundled": true,
                              "requires": {
                                "number-is-nan": "1.0.0"
                              },
                              "dependencies": {
                                "number-is-nan": {
                                  "version": "1.0.0",
                                  "bundled": true
                                }
                              }
                            }
                          }
                        },
                        "strip-ansi": {
                          "version": "3.0.0",
                          "bundled": true,
                          "requires": {
                            "ansi-regex": "2.0.0"
                          },
                          "dependencies": {
                            "ansi-regex": {
                              "version": "2.0.0",
                              "bundled": true
                            }
                          }
                        },
                        "wrap-ansi": {
                          "version": "1.0.0",
                          "bundled": true,
                          "requires": {
                            "string-width": "1.0.1"
                          }
                        }
                      }
                    },
                    "decamelize": {
                      "version": "1.1.1",
                      "bundled": true
                    },
                    "os-locale": {
                      "version": "1.4.0",
                      "bundled": true,
                      "requires": {
                        "lcid": "1.0.0"
                      },
                      "dependencies": {
                        "lcid": {
                          "version": "1.0.0",
                          "bundled": true,
                          "requires": {
                            "invert-kv": "1.0.0"
                          },
                          "dependencies": {
                            "invert-kv": {
                              "version": "1.0.0",
                              "bundled": true
                            }
                          }
                        }
                      }
                    },
                    "window-size": {
                      "version": "0.1.2",
                      "bundled": true
                    },
                    "y18n": {
                      "version": "3.2.0",
                      "bundled": true
                    }
                  }
                }
              }
            }
          }
        }
      }
    },
    "steam-crypto": {
      "version": "0.0.1",
      "resolved": "https://registry.npmjs.org/steam-crypto/-/steam-crypto-0.0.1.tgz",
      "integrity": "sha1-BHexgqKx/dlBiT28wi4Ok7FKu38="
    },
    "steam-totp": {
      "version": "2.1.0",
      "resolved": "https://registry.npmjs.org/steam-totp/-/steam-totp-2.1.0.tgz",
      "integrity": "sha512-T7hr05z9jJHIrzkglzoVM+SBeKKVFZo4qBt+0PrwDN8kXypNnnjL6GhMyTg13Z8E9ebvtzn2Tq/z8xF7XlN/Ig==",
      "requires": {
        "@doctormckay/stats-reporter": "1.0.4"
      }
    },
    "string-width": {
      "version": "2.1.1",
      "resolved": "https://registry.npmjs.org/string-width/-/string-width-2.1.1.tgz",
      "integrity": "sha512-nOqH59deCq9SRHlxq1Aw85Jnt4w6KvLKqWVik6oA9ZklXLNIOlqg4F2yrT1MVaTjAqvVwdfeZ7w7aCvJD7ugkw==",
      "requires": {
        "is-fullwidth-code-point": "2.0.0",
        "strip-ansi": "4.0.0"
      }
    },
    "strip-ansi": {
      "version": "4.0.0",
      "resolved": "https://registry.npmjs.org/strip-ansi/-/strip-ansi-4.0.0.tgz",
      "integrity": "sha1-qEeQIusaw2iocTibY1JixQXuNo8=",
      "requires": {
        "ansi-regex": "3.0.0"
      }
    },
    "tweetnacl": {
      "version": "1.0.0",
      "resolved": "https://registry.npmjs.org/tweetnacl/-/tweetnacl-1.0.0.tgz",
      "integrity": "sha1-cT2LgY2kIGh0C/aDhtBHnmb8ins="
    },
    "wrap-ansi": {
      "version": "3.0.1",
      "resolved": "https://registry.npmjs.org/wrap-ansi/-/wrap-ansi-3.0.1.tgz",
      "integrity": "sha1-KIoE2H7aXChuBg3+jxNc6NAH+Lo=",
      "requires": {
        "string-width": "2.1.1",
        "strip-ansi": "4.0.0"
      }
    },
    "ws": {
      "version": "4.1.0",
      "resolved": "https://registry.npmjs.org/ws/-/ws-4.1.0.tgz",
      "integrity": "sha512-ZGh/8kF9rrRNffkLFV4AzhvooEclrOH0xaugmqGsIfFgOE/pIz4fMc4Ef+5HSQqTEug2S9JZIWDR47duDSLfaA==",
      "requires": {
        "async-limiter": "1.0.0",
        "safe-buffer": "5.1.1"
      }
    }
  }
}
